
Microsoft Visual Studio Solution File, Format Version 12.00
# Visual Studio 14
VisualStudioVersion = 14.0.25420.1
MinimumVisualStudioVersion = 10.0.40219.1
Project("{FAE04EC0-301F-11D3-BF4B-00C04F79EFBC}") = "TelerikAcademy.FinalProject.Web", "TelerikAcademy.FinalProject.Web\TelerikAcademy.FinalProject.Web.csproj", "{5B786A29-47B6-46EA-8735-EBB3838B3CB4}"
EndProject
Project("{FAE04EC0-301F-11D3-BF4B-00C04F79EFBC}") = "TelerikAcademy.FinalProject.Web.Tests", "TelerikAcademy.FinalProject.Web.Tests\TelerikAcademy.FinalProject.Web.Tests.csproj", "{6E838EC4-F6B1-4882-9010-D8FBE1486444}"
EndProject
Project("{2150E333-8FDC-42A3-9474-1A3956D46DE8}") = "Data", "Data", "{880EE4F3-EC61-47AB-ADBB-706A4AB2198A}"
EndProject
Project("{FAE04EC0-301F-11D3-BF4B-00C04F79EFBC}") = "TelerikAcademy.FinalProject.Data", "TelerikAcademy.FinalProject.Data\TelerikAcademy.FinalProject.Data.csproj", "{1C19AC6C-3DB0-48CF-9AAF-0C2CC22A0A91}"
EndProject
Project("{FAE04EC0-301F-11D3-BF4B-00C04F79EFBC}") = "TelerikAcademy.FinalProject.Data.Model", "TelerikAcademy.FinalProject.Data.Model\TelerikAcademy.FinalProject.Data.Model.csproj", "{562906AA-3D38-479A-A3A5-243D262A1909}"
EndProject
Project("{2150E333-8FDC-42A3-9474-1A3956D46DE8}") = "Common", "Common", "{DDDD5639-E612-45E9-A5DD-612164E01D30}"
EndProject
Project("{FAE04EC0-301F-11D3-BF4B-00C04F79EFBC}") = "TelerikAcademy.FinalProject.Common.Constant", "TelerikAcademy.FinalProject.Common.Constant\TelerikAcademy.FinalProject.Common.Constant.csproj", "{ED9D8960-F341-4B99-ABC1-74198A99C75E}"
EndProject
Project("{2150E333-8FDC-42A3-9474-1A3956D46DE8}") = "Services", "Services", "{7F0CF402-0CE4-4AE0-AF7B-4B9076DFA9FD}"
EndProject
Project("{FAE04EC0-301F-11D3-BF4B-00C04F79EFBC}") = "TelerikAcademy.FinalProject.Services", "TelerikAcademy.FinalProject.Services\TelerikAcademy.FinalProject.Services.csproj", "{7BEB5FF3-77CC-4AC7-A0BE-2BCA8405AE67}"
EndProject
Project("{FAE04EC0-301F-11D3-BF4B-00C04F79EFBC}") = "TelerikAcademy.FinalProject.Web.IntegrationTests", "TelerikAcademy.FinalProject.Web.IntegrationTests\TelerikAcademy.FinalProject.Web.IntegrationTests.csproj", "{FCAE9E54-9E93-4EA0-882E-6DBB1BB8BF82}"
EndProject
Global
	GlobalSection(SolutionConfigurationPlatforms) = preSolution
		Debug|Any CPU = Debug|Any CPU
		Release|Any CPU = Release|Any CPU
	EndGlobalSection
	GlobalSection(ProjectConfigurationPlatforms) = postSolution
		{5B786A29-47B6-46EA-8735-EBB3838B3CB4}.Debug|Any CPU.ActiveCfg = Debug|Any CPU
		{5B786A29-47B6-46EA-8735-EBB3838B3CB4}.Debug|Any CPU.Build.0 = Debug|Any CPU
		{5B786A29-47B6-46EA-8735-EBB3838B3CB4}.Release|Any CPU.ActiveCfg = Release|Any CPU
		{5B786A29-47B6-46EA-8735-EBB3838B3CB4}.Release|Any CPU.Build.0 = Release|Any CPU
		{6E838EC4-F6B1-4882-9010-D8FBE1486444}.Debug|Any CPU.ActiveCfg = Debug|Any CPU
		{6E838EC4-F6B1-4882-9010-D8FBE1486444}.Debug|Any CPU.Build.0 = Debug|Any CPU
		{6E838EC4-F6B1-4882-9010-D8FBE1486444}.Release|Any CPU.ActiveCfg = Release|Any CPU
		{6E838EC4-F6B1-4882-9010-D8FBE1486444}.Release|Any CPU.Build.0 = Release|Any CPU
		{1C19AC6C-3DB0-48CF-9AAF-0C2CC22A0A91}.Debug|Any CPU.ActiveCfg = Debug|Any CPU
		{1C19AC6C-3DB0-48CF-9AAF-0C2CC22A0A91}.Debug|Any CPU.Build.0 = Debug|Any CPU
		{1C19AC6C-3DB0-48CF-9AAF-0C2CC22A0A91}.Release|Any CPU.ActiveCfg = Release|Any CPU
		{1C19AC6C-3DB0-48CF-9AAF-0C2CC22A0A91}.Release|Any CPU.Build.0 = Release|Any CPU
		{562906AA-3D38-479A-A3A5-243D262A1909}.Debug|Any CPU.ActiveCfg = Debug|Any CPU
		{562906AA-3D38-479A-A3A5-243D262A1909}.Debug|Any CPU.Build.0 = Debug|Any CPU
		{562906AA-3D38-479A-A3A5-243D262A1909}.Release|Any CPU.ActiveCfg = Release|Any CPU
		{562906AA-3D38-479A-A3A5-243D262A1909}.Release|Any CPU.Build.0 = Release|Any CPU
		{ED9D8960-F341-4B99-ABC1-74198A99C75E}.Debug|Any CPU.ActiveCfg = Debug|Any CPU
		{ED9D8960-F341-4B99-ABC1-74198A99C75E}.Debug|Any CPU.Build.0 = Debug|Any CPU
		{ED9D8960-F341-4B99-ABC1-74198A99C75E}.Release|Any CPU.ActiveCfg = Release|Any CPU
		{ED9D8960-F341-4B99-ABC1-74198A99C75E}.Release|Any CPU.Build.0 = Release|Any CPU
		{7BEB5FF3-77CC-4AC7-A0BE-2BCA8405AE67}.Debug|Any CPU.ActiveCfg = Debug|Any CPU
		{7BEB5FF3-77CC-4AC7-A0BE-2BCA8405AE67}.Debug|Any CPU.Build.0 = Debug|Any CPU
		{7BEB5FF3-77CC-4AC7-A0BE-2BCA8405AE67}.Release|Any CPU.ActiveCfg = Release|Any CPU
		{7BEB5FF3-77CC-4AC7-A0BE-2BCA8405AE67}.Release|Any CPU.Build.0 = Release|Any CPU
		{FCAE9E54-9E93-4EA0-882E-6DBB1BB8BF82}.Debug|Any CPU.ActiveCfg = Debug|Any CPU
		{FCAE9E54-9E93-4EA0-882E-6DBB1BB8BF82}.Debug|Any CPU.Build.0 = Debug|Any CPU
		{FCAE9E54-9E93-4EA0-882E-6DBB1BB8BF82}.Release|Any CPU.ActiveCfg = Release|Any CPU
		{FCAE9E54-9E93-4EA0-882E-6DBB1BB8BF82}.Release|Any CPU.Build.0 = Release|Any CPU
	EndGlobalSection
	GlobalSection(SolutionProperties) = preSolution
		HideSolutionNode = FALSE
	EndGlobalSection
	GlobalSection(NestedProjects) = preSolution
		{1C19AC6C-3DB0-48CF-9AAF-0C2CC22A0A91} = {880EE4F3-EC61-47AB-ADBB-706A4AB2198A}
		{562906AA-3D38-479A-A3A5-243D262A1909} = {880EE4F3-EC61-47AB-ADBB-706A4AB2198A}
		{ED9D8960-F341-4B99-ABC1-74198A99C75E} = {DDDD5639-E612-45E9-A5DD-612164E01D30}
		{7BEB5FF3-77CC-4AC7-A0BE-2BCA8405AE67} = {7F0CF402-0CE4-4AE0-AF7B-4B9076DFA9FD}
	EndGlobalSection
EndGlobal
